
Microsoft Visual Studio Solution File, Format Version 12.00
# Visual Studio Version 17
VisualStudioVersion = 17.3.32825.248
MinimumVisualStudioVersion = 10.0.40219.1
Project("{FAE04EC0-301F-11D3-BF4B-00C04F79EFBC}") = "ArrayAssignments", "ArrayAssignments\ArrayAssignments.csproj", "{DB3624F4-491D-4675-96A5-FB2F951A8D81}"
EndProject
Global
	GlobalSection(SolutionConfigurationPlatforms) = preSolution
		Debug|Any CPU = Debug|Any CPU
		Release|Any CPU = Release|Any CPU
	EndGlobalSection
	GlobalSection(ProjectConfigurationPlatforms) = postSolution
		{DB3624F4-491D-4675-96A5-FB2F951A8D81}.Debug|Any CPU.ActiveCfg = Debug|Any CPU
		{DB3624F4-491D-4675-96A5-FB2F951A8D81}.Debug|Any CPU.Build.0 = Debug|Any CPU
		{DB3624F4-491D-4675-96A5-FB2F951A8D81}.Release|Any CPU.ActiveCfg = Release|Any CPU
		{DB3624F4-491D-4675-96A5-FB2F951A8D81}.Release|Any CPU.Build.0 = Release|Any CPU
	EndGlobalSection
	GlobalSection(SolutionProperties) = preSolution
		HideSolutionNode = FALSE
	EndGlobalSection
	GlobalSection(ExtensibilityGlobals) = postSolution
		SolutionGuid = {E7D86C32-B5F1-49D9-AE8D-9C828A8A6041}
	EndGlobalSection
EndGlobal
